
Microsoft Visual Studio Solution File, Format Version 12.00
# Visual Studio 15
VisualStudioVersion = 15.0.28307.1169
MinimumVisualStudioVersion = 10.0.40219.1
Project("{9A19103F-16F7-4668-BE54-9A1E7A4F7556}") = "WebAPI", "WebAPI\WebAPI.csproj", "{C1226B06-E0D4-4ABE-AA26-E775612B023A}"
EndProject
Project("{9A19103F-16F7-4668-BE54-9A1E7A4F7556}") = "WebAPI.DAL", "WebAPI.DAL\WebAPI.DAL.csproj", "{20486137-6984-49BF-95B9-F7D1E0F2DB0A}"
EndProject
Project("{FAE04EC0-301F-11D3-BF4B-00C04F79EFBC}") = "WebAPI.Common", "WebAPI.Common\WebAPI.Common.csproj", "{5BBC2899-C137-45FB-AC42-57E9FC0450FF}"
EndProject
Global
	GlobalSection(SolutionConfigurationPlatforms) = preSolution
		Debug|Any CPU = Debug|Any CPU
		Release|Any CPU = Release|Any CPU
	EndGlobalSection
	GlobalSection(ProjectConfigurationPlatforms) = postSolution
		{C1226B06-E0D4-4ABE-AA26-E775612B023A}.Debug|Any CPU.ActiveCfg = Debug|Any CPU
		{C1226B06-E0D4-4ABE-AA26-E775612B023A}.Debug|Any CPU.Build.0 = Debug|Any CPU
		{C1226B06-E0D4-4ABE-AA26-E775612B023A}.Release|Any CPU.ActiveCfg = Release|Any CPU
		{C1226B06-E0D4-4ABE-AA26-E775612B023A}.Release|Any CPU.Build.0 = Release|Any CPU
		{20486137-6984-49BF-95B9-F7D1E0F2DB0A}.Debug|Any CPU.ActiveCfg = Debug|Any CPU
		{20486137-6984-49BF-95B9-F7D1E0F2DB0A}.Debug|Any CPU.Build.0 = Debug|Any CPU
		{20486137-6984-49BF-95B9-F7D1E0F2DB0A}.Release|Any CPU.ActiveCfg = Release|Any CPU
		{20486137-6984-49BF-95B9-F7D1E0F2DB0A}.Release|Any CPU.Build.0 = Release|Any CPU
		{5BBC2899-C137-45FB-AC42-57E9FC0450FF}.Debug|Any CPU.ActiveCfg = Debug|Any CPU
		{5BBC2899-C137-45FB-AC42-57E9FC0450FF}.Debug|Any CPU.Build.0 = Debug|Any CPU
		{5BBC2899-C137-45FB-AC42-57E9FC0450FF}.Release|Any CPU.ActiveCfg = Release|Any CPU
		{5BBC2899-C137-45FB-AC42-57E9FC0450FF}.Release|Any CPU.Build.0 = Release|Any CPU
	EndGlobalSection
	GlobalSection(SolutionProperties) = preSolution
		HideSolutionNode = FALSE
	EndGlobalSection
	GlobalSection(ExtensibilityGlobals) = postSolution
		SolutionGuid = {2C64096F-5D97-49A7-B5E9-4EED71296970}
	EndGlobalSection
EndGlobal
